{
  "name": "@scaffold-eth/monorepo",
  "version": "1.0.0",
  "lockfileVersion": 1,
  "requires": true,
  "dependencies": {
    "clsx": {
      "version": "1.1.1",
      "resolved": "https://registry.npmjs.org/clsx/-/clsx-1.1.1.tgz",
      "integrity": "sha512-6/bPho624p3S2pMyvP5kKBPXnI3ufHLObBFCfgx+LkeR5lg2XYy2hqZqUf45ypD8COn2bhgGJSUE+l5dhNBieA=="
    },
    "react-toastify": {
      "version": "8.2.0",
      "resolved": "https://registry.npmjs.org/react-toastify/-/react-toastify-8.2.0.tgz",
      "integrity": "sha512-Pg2Ju7NngAamarFvLwqrFomJ57u/Ay6i6zfLurt/qPynWkAkOthu6vxfqYpJCyNhHRhR4hu7+bySSeWWJu6PAg==",
      "requires": {
        "clsx": "^1.1.1"
      }
    }
  }
}
